
Microsoft Visual Studio Solution File, Format Version 12.00
# Visual Studio Version 17
VisualStudioVersion = 17.9.34728.123
MinimumVisualStudioVersion = 10.0.40219.1
Project("{FAE04EC0-301F-11D3-BF4B-00C04F79EFBC}") = "proiectPAW", "proiectPAW\proiectPAW.csproj", "{83B96110-FD44-4AC3-B446-6DD10C508EB1}"
EndProject
Global
	GlobalSection(SolutionConfigurationPlatforms) = preSolution
		Debug|Any CPU = Debug|Any CPU
		Release|Any CPU = Release|Any CPU
	EndGlobalSection
	GlobalSection(ProjectConfigurationPlatforms) = postSolution
		{83B96110-FD44-4AC3-B446-6DD10C508EB1}.Debug|Any CPU.ActiveCfg = Debug|Any CPU
		{83B96110-FD44-4AC3-B446-6DD10C508EB1}.Debug|Any CPU.Build.0 = Debug|Any CPU
		{83B96110-FD44-4AC3-B446-6DD10C508EB1}.Release|Any CPU.ActiveCfg = Release|Any CPU
		{83B96110-FD44-4AC3-B446-6DD10C508EB1}.Release|Any CPU.Build.0 = Release|Any CPU
	EndGlobalSection
	GlobalSection(SolutionProperties) = preSolution
		HideSolutionNode = FALSE
	EndGlobalSection
	GlobalSection(ExtensibilityGlobals) = postSolution
		SolutionGuid = {D4FABF81-ABFA-47AD-84D7-D9CA5EDE759E}
	EndGlobalSection
EndGlobal
